
Microsoft Visual Studio Solution File, Format Version 12.00
# Visual Studio Version 17
VisualStudioVersion = 17.5.2.0
MinimumVisualStudioVersion = 10.0.40219.1
Project("{2150E333-8FDC-42A3-9474-1A3956D46DE8}") = "code-snippets", "code-snippets", "{766FD26F-954F-5A11-20F6-F3AD5B80C62B}"
EndProject
Project("{FAE04EC0-301F-11D3-BF4B-00C04F79EFBC}") = "SetMaxThreads", "code-snippets/SetMaxThreads/SetMaxThreads.csproj", "{28974DB6-1B27-A4E0-0E83-7D9F766C7ACB}"
EndProject
Project("{FAE04EC0-301F-11D3-BF4B-00C04F79EFBC}") = "GracefulShutdown", "code-snippets/GracefulShutdown/GracefulShutdown.csproj", "{E677FFE1-7201-7D44-703E-6A0186DEFEEA}"
EndProject
Project("{FAE04EC0-301F-11D3-BF4B-00C04F79EFBC}") = "TextParse", "code-snippets/TextParse/TextParse.csproj", "{67FC0523-F46E-FC4B-E395-B6BFEC8B3673}"
EndProject
Project("{FAE04EC0-301F-11D3-BF4B-00C04F79EFBC}") = "MetricsPush", "code-snippets/MetricsPush/MetricsPush.csproj", "{3CA50EBE-8567-44E9-ADB0-0F5997152483}"
EndProject
Project("{FAE04EC0-301F-11D3-BF4B-00C04F79EFBC}") = "MetricsPush.Tests", "code-snippets/MetricsPush/MetricsPush.Tests.csproj", "{32603F85-9FDA-486E-AB7C-94F559913208}"
EndProject
Project("{FAE04EC0-301F-11D3-BF4B-00C04F79EFBC}") = "QiWa", "QiWa.csproj", "{CB46829F-1702-4326-948E-0A205EDB1219}"
EndProject
Global
	GlobalSection(SolutionConfigurationPlatforms) = preSolution
		Debug|Any CPU = Debug|Any CPU
		Debug|x64 = Debug|x64
		Debug|x86 = Debug|x86
		Release|Any CPU = Release|Any CPU
		Release|x64 = Release|x64
		Release|x86 = Release|x86
	EndGlobalSection
	GlobalSection(ProjectConfigurationPlatforms) = postSolution
		{28974DB6-1B27-A4E0-0E83-7D9F766C7ACB}.Debug|Any CPU.ActiveCfg = Debug|Any CPU
		{28974DB6-1B27-A4E0-0E83-7D9F766C7ACB}.Debug|Any CPU.Build.0 = Debug|Any CPU
		{28974DB6-1B27-A4E0-0E83-7D9F766C7ACB}.Debug|x64.ActiveCfg = Debug|Any CPU
		{28974DB6-1B27-A4E0-0E83-7D9F766C7ACB}.Debug|x64.Build.0 = Debug|Any CPU
		{28974DB6-1B27-A4E0-0E83-7D9F766C7ACB}.Debug|x86.ActiveCfg = Debug|Any CPU
		{28974DB6-1B27-A4E0-0E83-7D9F766C7ACB}.Debug|x86.Build.0 = Debug|Any CPU
		{28974DB6-1B27-A4E0-0E83-7D9F766C7ACB}.Release|Any CPU.ActiveCfg = Release|Any CPU
		{28974DB6-1B27-A4E0-0E83-7D9F766C7ACB}.Release|Any CPU.Build.0 = Release|Any CPU
		{28974DB6-1B27-A4E0-0E83-7D9F766C7ACB}.Release|x64.ActiveCfg = Release|Any CPU
		{28974DB6-1B27-A4E0-0E83-7D9F766C7ACB}.Release|x64.Build.0 = Release|Any CPU
		{28974DB6-1B27-A4E0-0E83-7D9F766C7ACB}.Release|x86.ActiveCfg = Release|Any CPU
		{28974DB6-1B27-A4E0-0E83-7D9F766C7ACB}.Release|x86.Build.0 = Release|Any CPU
		{E677FFE1-7201-7D44-703E-6A0186DEFEEA}.Debug|Any CPU.ActiveCfg = Debug|Any CPU
		{E677FFE1-7201-7D44-703E-6A0186DEFEEA}.Debug|Any CPU.Build.0 = Debug|Any CPU
		{E677FFE1-7201-7D44-703E-6A0186DEFEEA}.Debug|x64.ActiveCfg = Debug|Any CPU
		{E677FFE1-7201-7D44-703E-6A0186DEFEEA}.Debug|x64.Build.0 = Debug|Any CPU
		{E677FFE1-7201-7D44-703E-6A0186DEFEEA}.Debug|x86.ActiveCfg = Debug|Any CPU
		{E677FFE1-7201-7D44-703E-6A0186DEFEEA}.Debug|x86.Build.0 = Debug|Any CPU
		{E677FFE1-7201-7D44-703E-6A0186DEFEEA}.Release|Any CPU.ActiveCfg = Release|Any CPU
		{E677FFE1-7201-7D44-703E-6A0186DEFEEA}.Release|Any CPU.Build.0 = Release|Any CPU
		{E677FFE1-7201-7D44-703E-6A0186DEFEEA}.Release|x64.ActiveCfg = Release|Any CPU
		{E677FFE1-7201-7D44-703E-6A0186DEFEEA}.Release|x64.Build.0 = Release|Any CPU
		{E677FFE1-7201-7D44-703E-6A0186DEFEEA}.Release|x86.ActiveCfg = Release|Any CPU
		{E677FFE1-7201-7D44-703E-6A0186DEFEEA}.Release|x86.Build.0 = Release|Any CPU
		{67FC0523-F46E-FC4B-E395-B6BFEC8B3673}.Debug|Any CPU.ActiveCfg = Debug|Any CPU
		{67FC0523-F46E-FC4B-E395-B6BFEC8B3673}.Debug|Any CPU.Build.0 = Debug|Any CPU
		{67FC0523-F46E-FC4B-E395-B6BFEC8B3673}.Debug|x64.ActiveCfg = Debug|Any CPU
		{67FC0523-F46E-FC4B-E395-B6BFEC8B3673}.Debug|x64.Build.0 = Debug|Any CPU
		{67FC0523-F46E-FC4B-E395-B6BFEC8B3673}.Debug|x86.ActiveCfg = Debug|Any CPU
		{67FC0523-F46E-FC4B-E395-B6BFEC8B3673}.Debug|x86.Build.0 = Debug|Any CPU
		{67FC0523-F46E-FC4B-E395-B6BFEC8B3673}.Release|Any CPU.ActiveCfg = Release|Any CPU
		{67FC0523-F46E-FC4B-E395-B6BFEC8B3673}.Release|Any CPU.Build.0 = Release|Any CPU
		{67FC0523-F46E-FC4B-E395-B6BFEC8B3673}.Release|x64.ActiveCfg = Release|Any CPU
		{67FC0523-F46E-FC4B-E395-B6BFEC8B3673}.Release|x64.Build.0 = Release|Any CPU
		{67FC0523-F46E-FC4B-E395-B6BFEC8B3673}.Release|x86.ActiveCfg = Release|Any CPU
		{67FC0523-F46E-FC4B-E395-B6BFEC8B3673}.Release|x86.Build.0 = Release|Any CPU
		{3CA50EBE-8567-44E9-ADB0-0F5997152483}.Debug|Any CPU.ActiveCfg = Debug|Any CPU
		{3CA50EBE-8567-44E9-ADB0-0F5997152483}.Debug|Any CPU.Build.0 = Debug|Any CPU
		{3CA50EBE-8567-44E9-ADB0-0F5997152483}.Debug|x64.ActiveCfg = Debug|Any CPU
		{3CA50EBE-8567-44E9-ADB0-0F5997152483}.Debug|x64.Build.0 = Debug|Any CPU
		{3CA50EBE-8567-44E9-ADB0-0F5997152483}.Debug|x86.ActiveCfg = Debug|Any CPU
		{3CA50EBE-8567-44E9-ADB0-0F5997152483}.Debug|x86.Build.0 = Debug|Any CPU
		{3CA50EBE-8567-44E9-ADB0-0F5997152483}.Release|Any CPU.ActiveCfg = Release|Any CPU
		{3CA50EBE-8567-44E9-ADB0-0F5997152483}.Release|Any CPU.Build.0 = Release|Any CPU
		{3CA50EBE-8567-44E9-ADB0-0F5997152483}.Release|x64.ActiveCfg = Release|Any CPU
		{3CA50EBE-8567-44E9-ADB0-0F5997152483}.Release|x64.Build.0 = Release|Any CPU
		{3CA50EBE-8567-44E9-ADB0-0F5997152483}.Release|x86.ActiveCfg = Release|Any CPU
		{3CA50EBE-8567-44E9-ADB0-0F5997152483}.Release|x86.Build.0 = Release|Any CPU
		{32603F85-9FDA-486E-AB7C-94F559913208}.Debug|Any CPU.ActiveCfg = Debug|Any CPU
		{32603F85-9FDA-486E-AB7C-94F559913208}.Debug|Any CPU.Build.0 = Debug|Any CPU
		{32603F85-9FDA-486E-AB7C-94F559913208}.Debug|x64.ActiveCfg = Debug|Any CPU
		{32603F85-9FDA-486E-AB7C-94F559913208}.Debug|x64.Build.0 = Debug|Any CPU
		{32603F85-9FDA-486E-AB7C-94F559913208}.Debug|x86.ActiveCfg = Debug|Any CPU
		{32603F85-9FDA-486E-AB7C-94F559913208}.Debug|x86.Build.0 = Debug|Any CPU
		{32603F85-9FDA-486E-AB7C-94F559913208}.Release|Any CPU.ActiveCfg = Release|Any CPU
		{32603F85-9FDA-486E-AB7C-94F559913208}.Release|Any CPU.Build.0 = Release|Any CPU
		{32603F85-9FDA-486E-AB7C-94F559913208}.Release|x64.ActiveCfg = Release|Any CPU
		{32603F85-9FDA-486E-AB7C-94F559913208}.Release|x64.Build.0 = Release|Any CPU
		{32603F85-9FDA-486E-AB7C-94F559913208}.Release|x86.ActiveCfg = Release|Any CPU
		{32603F85-9FDA-486E-AB7C-94F559913208}.Release|x86.Build.0 = Release|Any CPU
		{CB46829F-1702-4326-948E-0A205EDB1219}.Debug|Any CPU.ActiveCfg = Debug|Any CPU
		{CB46829F-1702-4326-948E-0A205EDB1219}.Debug|Any CPU.Build.0 = Debug|Any CPU
		{CB46829F-1702-4326-948E-0A205EDB1219}.Debug|x64.ActiveCfg = Debug|Any CPU
		{CB46829F-1702-4326-948E-0A205EDB1219}.Debug|x64.Build.0 = Debug|Any CPU
		{CB46829F-1702-4326-948E-0A205EDB1219}.Debug|x86.ActiveCfg = Debug|Any CPU
		{CB46829F-1702-4326-948E-0A205EDB1219}.Debug|x86.Build.0 = Debug|Any CPU
		{CB46829F-1702-4326-948E-0A205EDB1219}.Release|Any CPU.ActiveCfg = Release|Any CPU
		{CB46829F-1702-4326-948E-0A205EDB1219}.Release|Any CPU.Build.0 = Release|Any CPU
		{CB46829F-1702-4326-948E-0A205EDB1219}.Release|x64.ActiveCfg = Release|Any CPU
		{CB46829F-1702-4326-948E-0A205EDB1219}.Release|x64.Build.0 = Release|Any CPU
		{CB46829F-1702-4326-948E-0A205EDB1219}.Release|x86.ActiveCfg = Release|Any CPU
		{CB46829F-1702-4326-948E-0A205EDB1219}.Release|x86.Build.0 = Release|Any CPU
	EndGlobalSection
	GlobalSection(SolutionProperties) = preSolution
		HideSolutionNode = FALSE
	EndGlobalSection
	GlobalSection(NestedProjects) = preSolution
		{28974DB6-1B27-A4E0-0E83-7D9F766C7ACB} = {766FD26F-954F-5A11-20F6-F3AD5B80C62B}
		{E677FFE1-7201-7D44-703E-6A0186DEFEEA} = {766FD26F-954F-5A11-20F6-F3AD5B80C62B}
		{67FC0523-F46E-FC4B-E395-B6BFEC8B3673} = {766FD26F-954F-5A11-20F6-F3AD5B80C62B}
		{3CA50EBE-8567-44E9-ADB0-0F5997152483} = {766FD26F-954F-5A11-20F6-F3AD5B80C62B}
		{32603F85-9FDA-486E-AB7C-94F559913208} = {766FD26F-954F-5A11-20F6-F3AD5B80C62B}
	EndGlobalSection
	GlobalSection(ExtensibilityGlobals) = postSolution
		SolutionGuid = {A145A514-A86E-4E5A-A15E-77A917805906}
	EndGlobalSection
EndGlobal
