Microsoft Visual Studio Solution File, Format Version 12.00
# Visual Studio Version 17
VisualStudioVersion = 17.5.2.0
MinimumVisualStudioVersion = 10.0.40219.1
Project("{FAE04EC0-301F-11D3-BF4B-00C04F79EFBC}") = "QiWa", "QiWa.csproj", "{50311752-0AE6-E5B7-7A8E-ACECC13C631D}"
EndProject
Project("{FAE04EC0-301F-11D3-BF4B-00C04F79EFBC}") = "Benchmarks", "Benchmarks\Benchmarks.csproj", "{2311A35A-630F-8D56-15CD-BBB525570F8F}"
EndProject
Project("{2150E333-8FDC-42A3-9474-1A3956D46DE8}") = "code-snippets", "code-snippets", "{766FD26F-954F-5A11-20F6-F3AD5B80C62B}"
EndProject
Project("{FAE04EC0-301F-11D3-BF4B-00C04F79EFBC}") = "Http1EchoServer", "code-snippets\Http1EchoServer\Http1EchoServer.csproj", "{19689E52-8547-16EE-C710-2B8A2642AFFB}"
EndProject
Project("{FAE04EC0-301F-11D3-BF4B-00C04F79EFBC}") = "SetMaxThreads", "code-snippets\SetMaxThreads\SetMaxThreads.csproj", "{28974DB6-1B27-A4E0-0E83-7D9F766C7ACB}"
EndProject
Project("{2150E333-8FDC-42A3-9474-1A3956D46DE8}") = "MetricsPush (1)", "MetricsPush (1)", "{0667D9DA-618B-67D4-3383-52461B3909AD}"
EndProject
Project("{FAE04EC0-301F-11D3-BF4B-00C04F79EFBC}") = "MetricsPush.Tests", "code-snippets\MetricsPush\MetricsPush.Tests.csproj", "{E009AB5C-A587-E8EE-C8B8-9FE51670604D}"
EndProject
Project("{FAE04EC0-301F-11D3-BF4B-00C04F79EFBC}") = "MetricsPush", "code-snippets\MetricsPush\MetricsPush.csproj", "{08A8D21D-B4D7-628E-98DF-B1891D76BA93}"
EndProject
Project("{FAE04EC0-301F-11D3-BF4B-00C04F79EFBC}") = "TextParse", "code-snippets\TextParse\TextParse.csproj", "{67FC0523-F46E-FC4B-E395-B6BFEC8B3673}"
EndProject
Project("{FAE04EC0-301F-11D3-BF4B-00C04F79EFBC}") = "GracefulShutdown", "code-snippets\GracefulShutdown\GracefulShutdown.csproj", "{E677FFE1-7201-7D44-703E-6A0186DEFEEA}"
EndProject
Global
	GlobalSection(SolutionConfigurationPlatforms) = preSolution
		Debug|Any CPU = Debug|Any CPU
		Release|Any CPU = Release|Any CPU
	EndGlobalSection
	GlobalSection(ProjectConfigurationPlatforms) = postSolution
		{50311752-0AE6-E5B7-7A8E-ACECC13C631D}.Debug|Any CPU.ActiveCfg = Debug|Any CPU
		{50311752-0AE6-E5B7-7A8E-ACECC13C631D}.Debug|Any CPU.Build.0 = Debug|Any CPU
		{50311752-0AE6-E5B7-7A8E-ACECC13C631D}.Release|Any CPU.ActiveCfg = Release|Any CPU
		{50311752-0AE6-E5B7-7A8E-ACECC13C631D}.Release|Any CPU.Build.0 = Release|Any CPU
		{2311A35A-630F-8D56-15CD-BBB525570F8F}.Debug|Any CPU.ActiveCfg = Debug|Any CPU
		{2311A35A-630F-8D56-15CD-BBB525570F8F}.Debug|Any CPU.Build.0 = Debug|Any CPU
		{2311A35A-630F-8D56-15CD-BBB525570F8F}.Release|Any CPU.ActiveCfg = Release|Any CPU
		{2311A35A-630F-8D56-15CD-BBB525570F8F}.Release|Any CPU.Build.0 = Release|Any CPU
		{19689E52-8547-16EE-C710-2B8A2642AFFB}.Debug|Any CPU.ActiveCfg = Debug|Any CPU
		{19689E52-8547-16EE-C710-2B8A2642AFFB}.Debug|Any CPU.Build.0 = Debug|Any CPU
		{19689E52-8547-16EE-C710-2B8A2642AFFB}.Release|Any CPU.ActiveCfg = Release|Any CPU
		{19689E52-8547-16EE-C710-2B8A2642AFFB}.Release|Any CPU.Build.0 = Release|Any CPU
		{28974DB6-1B27-A4E0-0E83-7D9F766C7ACB}.Debug|Any CPU.ActiveCfg = Debug|Any CPU
		{28974DB6-1B27-A4E0-0E83-7D9F766C7ACB}.Debug|Any CPU.Build.0 = Debug|Any CPU
		{28974DB6-1B27-A4E0-0E83-7D9F766C7ACB}.Release|Any CPU.ActiveCfg = Release|Any CPU
		{28974DB6-1B27-A4E0-0E83-7D9F766C7ACB}.Release|Any CPU.Build.0 = Release|Any CPU
		{E009AB5C-A587-E8EE-C8B8-9FE51670604D}.Debug|Any CPU.ActiveCfg = Debug|Any CPU
		{E009AB5C-A587-E8EE-C8B8-9FE51670604D}.Debug|Any CPU.Build.0 = Debug|Any CPU
		{E009AB5C-A587-E8EE-C8B8-9FE51670604D}.Release|Any CPU.ActiveCfg = Release|Any CPU
		{E009AB5C-A587-E8EE-C8B8-9FE51670604D}.Release|Any CPU.Build.0 = Release|Any CPU
		{08A8D21D-B4D7-628E-98DF-B1891D76BA93}.Debug|Any CPU.ActiveCfg = Debug|Any CPU
		{08A8D21D-B4D7-628E-98DF-B1891D76BA93}.Debug|Any CPU.Build.0 = Debug|Any CPU
		{08A8D21D-B4D7-628E-98DF-B1891D76BA93}.Release|Any CPU.ActiveCfg = Release|Any CPU
		{08A8D21D-B4D7-628E-98DF-B1891D76BA93}.Release|Any CPU.Build.0 = Release|Any CPU
		{67FC0523-F46E-FC4B-E395-B6BFEC8B3673}.Debug|Any CPU.ActiveCfg = Debug|Any CPU
		{67FC0523-F46E-FC4B-E395-B6BFEC8B3673}.Debug|Any CPU.Build.0 = Debug|Any CPU
		{67FC0523-F46E-FC4B-E395-B6BFEC8B3673}.Release|Any CPU.ActiveCfg = Release|Any CPU
		{67FC0523-F46E-FC4B-E395-B6BFEC8B3673}.Release|Any CPU.Build.0 = Release|Any CPU
		{E677FFE1-7201-7D44-703E-6A0186DEFEEA}.Debug|Any CPU.ActiveCfg = Debug|Any CPU
		{E677FFE1-7201-7D44-703E-6A0186DEFEEA}.Debug|Any CPU.Build.0 = Debug|Any CPU
		{E677FFE1-7201-7D44-703E-6A0186DEFEEA}.Release|Any CPU.ActiveCfg = Release|Any CPU
		{E677FFE1-7201-7D44-703E-6A0186DEFEEA}.Release|Any CPU.Build.0 = Release|Any CPU
	EndGlobalSection
	GlobalSection(SolutionProperties) = preSolution
		HideSolutionNode = FALSE
	EndGlobalSection
	GlobalSection(NestedProjects) = preSolution
		{19689E52-8547-16EE-C710-2B8A2642AFFB} = {766FD26F-954F-5A11-20F6-F3AD5B80C62B}
		{28974DB6-1B27-A4E0-0E83-7D9F766C7ACB} = {766FD26F-954F-5A11-20F6-F3AD5B80C62B}
		{0667D9DA-618B-67D4-3383-52461B3909AD} = {766FD26F-954F-5A11-20F6-F3AD5B80C62B}
		{E009AB5C-A587-E8EE-C8B8-9FE51670604D} = {0667D9DA-618B-67D4-3383-52461B3909AD}
		{08A8D21D-B4D7-628E-98DF-B1891D76BA93} = {766FD26F-954F-5A11-20F6-F3AD5B80C62B}
		{67FC0523-F46E-FC4B-E395-B6BFEC8B3673} = {766FD26F-954F-5A11-20F6-F3AD5B80C62B}
		{E677FFE1-7201-7D44-703E-6A0186DEFEEA} = {766FD26F-954F-5A11-20F6-F3AD5B80C62B}
	EndGlobalSection
	GlobalSection(ExtensibilityGlobals) = postSolution
		SolutionGuid = {0734C535-F3FB-4581-9ECA-5B04DE996205}
	EndGlobalSection
EndGlobal
